
Microsoft Visual Studio Solution File, Format Version 12.00
# Visual Studio 15
VisualStudioVersion = 15.0.28307.572
MinimumVisualStudioVersion = 10.0.40219.1
Project("{FAE04EC0-301F-11D3-BF4B-00C04F79EFBC}") = "DesignPatternPrograms", "DesignPatternPrograms\DesignPatternPrograms.csproj", "{D2EE65FE-09B1-4E6C-AB0F-C622B2B11E95}"
EndProject
Global
	GlobalSection(SolutionConfigurationPlatforms) = preSolution
		Debug|Any CPU = Debug|Any CPU
		Release|Any CPU = Release|Any CPU
	EndGlobalSection
	GlobalSection(ProjectConfigurationPlatforms) = postSolution
		{D2EE65FE-09B1-4E6C-AB0F-C622B2B11E95}.Debug|Any CPU.ActiveCfg = Debug|Any CPU
		{D2EE65FE-09B1-4E6C-AB0F-C622B2B11E95}.Debug|Any CPU.Build.0 = Debug|Any CPU
		{D2EE65FE-09B1-4E6C-AB0F-C622B2B11E95}.Release|Any CPU.ActiveCfg = Release|Any CPU
		{D2EE65FE-09B1-4E6C-AB0F-C622B2B11E95}.Release|Any CPU.Build.0 = Release|Any CPU
	EndGlobalSection
	GlobalSection(SolutionProperties) = preSolution
		HideSolutionNode = FALSE
	EndGlobalSection
	GlobalSection(ExtensibilityGlobals) = postSolution
		SolutionGuid = {B92B16FF-B0EC-4619-9C4E-1CB21EFE2EE5}
	EndGlobalSection
EndGlobal
